// !$*UTF8*$!
{
	archiveVersion = 1;
	classes = {
	};
	objectVersion = 77;
	objects = {

/* Begin PBXContainerItemProxy section */
		66F9A87B2F71CACD00D3E93B /* PBXContainerItemProxy */ = {
			isa = PBXContainerItemProxy;
			containerPortal = 66F9A8162F71C3F200D3E93B /* Project object */;
			proxyType = 1;
			remoteGlobalIDString = 66F9A81D2F71C3F200D3E93B;
			remoteInfo = Sprint7;
		};
		66F9A8982F72A87500D3E93B /* PBXContainerItemProxy */ = {
			isa = PBXContainerItemProxy;
			containerPortal = 66F9A8162F71C3F200D3E93B /* Project object */;
			proxyType = 1;
			remoteGlobalIDString = 66F9A81D2F71C3F200D3E93B;
			remoteInfo = Sprint7;
		};
/* End PBXContainerItemProxy section */

/* Begin PBXFileReference section */
		66F9A81E2F71C3F200D3E93B /* Sprint7.app */ = {isa = PBXFileReference; explicitFileType = wrapper.application; includeInIndex = 0; path = Sprint7.app; sourceTree = BUILT_PRODUCTS_DIR; };
		66F9A8772F71CACD00D3E93B /* Sprint7Tests.xctest */ = {isa = PBXFileReference; explicitFileType = wrapper.cfbundle; includeInIndex = 0; path = Sprint7Tests.xctest; sourceTree = BUILT_PRODUCTS_DIR; };
		66F9A8922F72A87500D3E93B /* Sprint7UITests.xctest */ = {isa = PBXFileReference; explicitFileType = wrapper.cfbundle; includeInIndex = 0; path = Sprint7UITests.xctest; sourceTree = BUILT_PRODUCTS_DIR; };
/* End PBXFileReference section */

/* Begin PBXFileSystemSynchronizedBuildFileExceptionSet section */
		66F9A86D2F71C44C00D3E93B /* Exceptions for "Sprint7" folder in "Sprint7" target */ = {
			isa = PBXFileSystemSynchronizedBuildFileExceptionSet;
			membershipExceptions = (
				Resources/Info.plist,
				Tests/ArrayTest.swift,
				Tests/MovieQuizPresenterTests.swift,
				Tests/MoviesLoaderTests.swift,
			);
			target = 66F9A81D2F71C3F200D3E93B /* Sprint7 */;
		};
		66F9A8812F71CB8200D3E93B /* Exceptions for "Sprint7" folder in "Sprint7Tests" target */ = {
			isa = PBXFileSystemSynchronizedBuildFileExceptionSet;
			membershipExceptions = (
				Tests/ArrayTest.swift,
				Tests/MovieQuizPresenterTests.swift,
				Tests/MoviesLoaderTests.swift,
			);
			target = 66F9A8762F71CACD00D3E93B /* Sprint7Tests */;
		};
/* End PBXFileSystemSynchronizedBuildFileExceptionSet section */

/* Begin PBXFileSystemSynchronizedRootGroup section */
		66F9A8202F71C3F200D3E93B /* Sprint7 */ = {
			isa = PBXFileSystemSynchronizedRootGroup;
			exceptions = (
				66F9A86D2F71C44C00D3E93B /* Exceptions for "Sprint7" folder in "Sprint7" target */,
				66F9A8812F71CB8200D3E93B /* Exceptions for "Sprint7" folder in "Sprint7Tests" target */,
			);
			path = Sprint7;
			sourceTree = "<group>";
		};
		66F9A8782F71CACD00D3E93B /* Sprint7Tests */ = {
			isa = PBXFileSystemSynchronizedRootGroup;
			path = Sprint7Tests;
			sourceTree = "<group>";
		};
		66F9A8932F72A87500D3E93B /* Sprint7UITests */ = {
			isa = PBXFileSystemSynchronizedRootGroup;
			path = Sprint7UITests;
			sourceTree = "<group>";
		};
/* End PBXFileSystemSynchronizedRootGroup section */

/* Begin PBXFrameworksBuildPhase section */
		66F9A81B2F71C3F200D3E93B /* Frameworks */ = {
			isa = PBXFrameworksBuildPhase;
			buildActionMask = 2147483647;
			files = (
			);
			runOnlyForDeploymentPostprocessing = 0;
		};
		66F9A8742F71CACD00D3E93B /* Frameworks */ = {
			isa = PBXFrameworksBuildPhase;
			buildActionMask = 2147483647;
			files = (
			);
			runOnlyForDeploymentPostprocessing = 0;
		};
		66F9A88F2F72A87500D3E93B /* Frameworks */ = {
			isa = PBXFrameworksBuildPhase;
			buildActionMask = 2147483647;
			files = (
			);
			runOnlyForDeploymentPostprocessing = 0;
		};
/* End PBXFrameworksBuildPhase section */

/* Begin PBXGroup section */
		66F9A8152F71C3F200D3E93B = {
			isa = PBXGroup;
			children = (
				66F9A8202F71C3F200D3E93B /* Sprint7 */,
				66F9A8782F71CACD00D3E93B /* Sprint7Tests */,
				66F9A8932F72A87500D3E93B /* Sprint7UITests */,
				66F9A81F2F71C3F200D3E93B /* Products */,
			);
			sourceTree = "<group>";
		};
		66F9A81F2F71C3F200D3E93B /* Products */ = {
			isa = PBXGroup;
			children = (
				66F9A81E2F71C3F200D3E93B /* Sprint7.app */,
				66F9A8772F71CACD00D3E93B /* Sprint7Tests.xctest */,
				66F9A8922F72A87500D3E93B /* Sprint7UITests.xctest */,
			);
			name = Products;
			sourceTree = "<group>";
		};
/* End PBXGroup section */

/* Begin PBXNativeTarget section */
		66F9A81D2F71C3F200D3E93B /* Sprint7 */ = {
			isa = PBXNativeTarget;
			buildConfigurationList = 66F9A8312F71C3F400D3E93B /* Build configuration list for PBXNativeTarget "Sprint7" */;
			buildPhases = (
				66F9A81A2F71C3F200D3E93B /* Sources */,
				66F9A81B2F71C3F200D3E93B /* Frameworks */,
				66F9A81C2F71C3F200D3E93B /* Resources */,
			);
			buildRules = (
			);
			dependencies = (
			);
			fileSystemSynchronizedGroups = (
				66F9A8202F71C3F200D3E93B /* Sprint7 */,
			);
			name = Sprint7;
			packageProductDependencies = (
			);
			productName = Sprint7;
			productReference = 66F9A81E2F71C3F200D3E93B /* Sprint7.app */;
			productType = "com.apple.product-type.application";
		};
		66F9A8762F71CACD00D3E93B /* Sprint7Tests */ = {
			isa = PBXNativeTarget;
			buildConfigurationList = 66F9A87D2F71CACD00D3E93B /* Build configuration list for PBXNativeTarget "Sprint7Tests" */;
			buildPhases = (
				66F9A8732F71CACD00D3E93B /* Sources */,
				66F9A8742F71CACD00D3E93B /* Frameworks */,
				66F9A8752F71CACD00D3E93B /* Resources */,
			);
			buildRules = (
			);
			dependencies = (
				66F9A87C2F71CACD00D3E93B /* PBXTargetDependency */,
			);
			fileSystemSynchronizedGroups = (
				66F9A8782F71CACD00D3E93B /* Sprint7Tests */,
			);
			name = Sprint7Tests;
			packageProductDependencies = (
			);
			productName = Sprint7Tests;
			productReference = 66F9A8772F71CACD00D3E93B /* Sprint7Tests.xctest */;
			productType = "com.apple.product-type.bundle.unit-test";
		};
		66F9A8912F72A87500D3E93B /* Sprint7UITests */ = {
			isa = PBXNativeTarget;
			buildConfigurationList = 66F9A89A2F72A87500D3E93B /* Build configuration list for PBXNativeTarget "Sprint7UITests" */;
			buildPhases = (
				66F9A88E2F72A87500D3E93B /* Sources */,
				66F9A88F2F72A87500D3E93B /* Frameworks */,
				66F9A8902F72A87500D3E93B /* Resources */,
			);
			buildRules = (
			);
			dependencies = (
				66F9A8992F72A87500D3E93B /* PBXTargetDependency */,
			);
			fileSystemSynchronizedGroups = (
				66F9A8932F72A87500D3E93B /* Sprint7UITests */,
			);
			name = Sprint7UITests;
			packageProductDependencies = (
			);
			productName = Sprint7UITests;
			productReference = 66F9A8922F72A87500D3E93B /* Sprint7UITests.xctest */;
			productType = "com.apple.product-type.bundle.ui-testing";
		};
/* End PBXNativeTarget section */

/* Begin PBXProject section */
		66F9A8162F71C3F200D3E93B /* Project object */ = {
			isa = PBXProject;
			attributes = {
				BuildIndependentTargetsInParallel = 1;
				LastSwiftUpdateCheck = 2630;
				LastUpgradeCheck = 2630;
				TargetAttributes = {
					66F9A81D2F71C3F200D3E93B = {
						CreatedOnToolsVersion = 26.3;
					};
					66F9A8762F71CACD00D3E93B = {
						CreatedOnToolsVersion = 26.3;
						TestTargetID = 66F9A81D2F71C3F200D3E93B;
					};
					66F9A8912F72A87500D3E93B = {
						CreatedOnToolsVersion = 26.3;
						TestTargetID = 66F9A81D2F71C3F200D3E93B;
					};
				};
			};
			buildConfigurationList = 66F9A8192F71C3F200D3E93B /* Build configuration list for PBXProject "Sprint7" */;
			developmentRegion = en;
			hasScannedForEncodings = 0;
			knownRegions = (
				en,
				Base,
			);
			mainGroup = 66F9A8152F71C3F200D3E93B;
			minimizedProjectReferenceProxies = 1;
			preferredProjectObjectVersion = 77;
			productRefGroup = 66F9A81F2F71C3F200D3E93B /* Products */;
			projectDirPath = "";
			projectRoot = "";
			targets = (
				66F9A81D2F71C3F200D3E93B /* Sprint7 */,
				66F9A8762F71CACD00D3E93B /* Sprint7Tests */,
				66F9A8912F72A87500D3E93B /* Sprint7UITests */,
			);
		};
/* End PBXProject section */

/* Begin PBXResourcesBuildPhase section */
		66F9A81C2F71C3F200D3E93B /* Resources */ = {
			isa = PBXResourcesBuildPhase;
			buildActionMask = 2147483647;
			files = (
			);
			runOnlyForDeploymentPostprocessing = 0;
		};
		66F9A8752F71CACD00D3E93B /* Resources */ = {
			isa = PBXResourcesBuildPhase;
			buildActionMask = 2147483647;
			files = (
			);
			runOnlyForDeploymentPostprocessing = 0;
		};
		66F9A8902F72A87500D3E93B /* Resources */ = {
			isa = PBXResourcesBuildPhase;
			buildActionMask = 2147483647;
			files = (
			);
			runOnlyForDeploymentPostprocessing = 0;
		};
/* End PBXResourcesBuildPhase section */

/* Begin PBXSourcesBuildPhase section */
		66F9A81A2F71C3F200D3E93B /* Sources */ = {
			isa = PBXSourcesBuildPhase;
			buildActionMask = 2147483647;
			files = (
			);
			runOnlyForDeploymentPostprocessing = 0;
		};
		66F9A8732F71CACD00D3E93B /* Sources */ = {
			isa = PBXSourcesBuildPhase;
			buildActionMask = 2147483647;
			files = (
			);
			runOnlyForDeploymentPostprocessing = 0;
		};
		66F9A88E2F72A87500D3E93B /* Sources */ = {
			isa = PBXSourcesBuildPhase;
			buildActionMask = 2147483647;
			files = (
			);
			runOnlyForDeploymentPostprocessing = 0;
		};
/* End PBXSourcesBuildPhase section */

/* Begin PBXTargetDependency section */
		66F9A87C2F71CACD00D3E93B /* PBXTargetDependency */ = {
			isa = PBXTargetDependency;
			target = 66F9A81D2F71C3F200D3E93B /* Sprint7 */;
			targetProxy = 66F9A87B2F71CACD00D3E93B /* PBXContainerItemProxy */;
		};
		66F9A8992F72A87500D3E93B /* PBXTargetDependency */ = {
			isa = PBXTargetDependency;
			target = 66F9A81D2F71C3F200D3E93B /* Sprint7 */;
			targetProxy = 66F9A8982F72A87500D3E93B /* PBXContainerItemProxy */;
		};
/* End PBXTargetDependency section */

/* Begin XCBuildConfiguration section */
		66F9A8322F71C3F400D3E93B /* Debug */ = {
			isa = XCBuildConfiguration;
			buildSettings = {
				ASSETCATALOG_COMPILER_APPICON_NAME = AppIcon;
				ASSETCATALOG_COMPILER_GLOBAL_ACCENT_COLOR_NAME = AccentColor;
				CODE_SIGN_STYLE = Automatic;
				CURRENT_PROJECT_VERSION = 1;
				DEVELOPMENT_TEAM = MMMLD7Y8R9;
				GENERATE_INFOPLIST_FILE = YES;
				INFOPLIST_FILE = Sprint7/Resources/Info.plist;
				INFOPLIST_KEY_UIApplicationSupportsIndirectInputEvents = YES;
				INFOPLIST_KEY_UILaunchStoryboardName = LaunchScreen;
				INFOPLIST_KEY_UIMainStoryboardFile = Main;
				INFOPLIST_KEY_UISupportedInterfaceOrientations_iPad = "UIInterfaceOrientationPortrait UIInterfaceOrientationPortraitUpsideDown UIInterfaceOrientationLandscapeLeft UIInterfaceOrientationLandscapeRight";
				INFOPLIST_KEY_UISupportedInterfaceOrientations_iPhone = "UIInterfaceOrientationPortrait UIInterfaceOrientationLandscapeLeft UIInterfaceOrientationLandscapeRight";
				LD_RUNPATH_SEARCH_PATHS = (
					"$(inherited)",
					"@executable_path/Frameworks",
				);
				MARKETING_VERSION = 1.0;
				PRODUCT_BUNDLE_IDENTIFIER = practicum.Sprint7;
				PRODUCT_NAME = "$(TARGET_NAME)";
				STRING_CATALOG_GENERATE_SYMBOLS = YES;
				SWIFT_APPROACHABLE_CONCURRENCY = YES;
				SWIFT_DEFAULT_ACTOR_ISOLATION = MainActor;
				SWIFT_EMIT_LOC_STRINGS = YES;
				SWIFT_UPCOMING_FEATURE_MEMBER_IMPORT_VISIBILITY = YES;
				SWIFT_VERSION = 5.0;
				TARGETED_DEVICE_FAMILY = "1,2";
			};
			name = Debug;
		};
		66F9A8332F71C3F400D3E93B /* Release */ = {
			isa = XCBuildConfiguration;
			buildSettings = {
				ASSETCATALOG_COMPILER_APPICON_NAME = AppIcon;
				ASSETCATALOG_COMPILER_GLOBAL_ACCENT_COLOR_NAME = AccentColor;
				CODE_SIGN_STYLE = Automatic;
				CURRENT_PROJECT_VERSION = 1;
				DEVELOPMENT_TEAM = MMMLD7Y8R9;
				GENERATE_INFOPLIST_FILE = YES;
				INFOPLIST_FILE = Sprint7/Resources/Info.plist;
				INFOPLIST_KEY_UIApplicationSupportsIndirectInputEvents = YES;
				INFOPLIST_KEY_UILaunchStoryboardName = LaunchScreen;
				INFOPLIST_KEY_UIMainStoryboardFile = Main;
				INFOPLIST_KEY_UISupportedInterfaceOrientations_iPad = "UIInterfaceOrientationPortrait UIInterfaceOrientationPortraitUpsideDown UIInterfaceOrientationLandscapeLeft UIInterfaceOrientationLandscapeRight";
				INFOPLIST_KEY_UISupportedInterfaceOrientations_iPhone = "UIInterfaceOrientationPortrait UIInterfaceOrientationLandscapeLeft UIInterfaceOrientationLandscapeRight";
				LD_RUNPATH_SEARCH_PATHS = (
					"$(inherited)",
					"@executable_path/Frameworks",
				);
				MARKETING_VERSION = 1.0;
				PRODUCT_BUNDLE_IDENTIFIER = practicum.Sprint7;
				PRODUCT_NAME = "$(TARGET_NAME)";
				STRING_CATALOG_GENERATE_SYMBOLS = YES;
				SWIFT_APPROACHABLE_CONCURRENCY = YES;
				SWIFT_DEFAULT_ACTOR_ISOLATION = MainActor;
				SWIFT_EMIT_LOC_STRINGS = YES;
				SWIFT_UPCOMING_FEATURE_MEMBER_IMPORT_VISIBILITY = YES;
				SWIFT_VERSION = 5.0;
				TARGETED_DEVICE_FAMILY = "1,2";
			};
			name = Release;
		};
		66F9A8342F71C3F400D3E93B /* Debug */ = {
			isa = XCBuildConfiguration;
			buildSettings = {
				ALWAYS_SEARCH_USER_PATHS = NO;
				ASSETCATALOG_COMPILER_GENERATE_SWIFT_ASSET_SYMBOL_EXTENSIONS = YES;
				CLANG_ANALYZER_NONNULL = YES;
				CLANG_ANALYZER_NUMBER_OBJECT_CONVERSION = YES_AGGRESSIVE;
				CLANG_CXX_LANGUAGE_STANDARD = "gnu++20";
				CLANG_ENABLE_MODULES = YES;
				CLANG_ENABLE_OBJC_ARC = YES;
				CLANG_ENABLE_OBJC_WEAK = YES;
				CLANG_WARN_BLOCK_CAPTURE_AUTORELEASING = YES;
				CLANG_WARN_BOOL_CONVERSION = YES;
				CLANG_WARN_COMMA = YES;
				CLANG_WARN_CONSTANT_CONVERSION = YES;
				CLANG_WARN_DEPRECATED_OBJC_IMPLEMENTATIONS = YES;
				CLANG_WARN_DIRECT_OBJC_ISA_USAGE = YES_ERROR;
				CLANG_WARN_DOCUMENTATION_COMMENTS = YES;
				CLANG_WARN_EMPTY_BODY = YES;
				CLANG_WARN_ENUM_CONVERSION = YES;
				CLANG_WARN_INFINITE_RECURSION = YES;
				CLANG_WARN_INT_CONVERSION = YES;
				CLANG_WARN_NON_LITERAL_NULL_CONVERSION = YES;
				CLANG_WARN_OBJC_IMPLICIT_RETAIN_SELF = YES;
				CLANG_WARN_OBJC_LITERAL_CONVERSION = YES;
				CLANG_WARN_OBJC_ROOT_CLASS = YES_ERROR;
				CLANG_WARN_QUOTED_INCLUDE_IN_FRAMEWORK_HEADER = YES;
				CLANG_WARN_RANGE_LOOP_ANALYSIS = YES;
				CLANG_WARN_STRICT_PROTOTYPES = YES;
				CLANG_WARN_SUSPICIOUS_MOVE = YES;
				CLANG_WARN_UNGUARDED_AVAILABILITY = YES_AGGRESSIVE;
				CLANG_WARN_UNREACHABLE_CODE = YES;
				CLANG_WARN__DUPLICATE_METHOD_MATCH = YES;
				COPY_PHASE_STRIP = NO;
				DEBUG_INFORMATION_FORMAT = dwarf;
				DEVELOPMENT_TEAM = MMMLD7Y8R9;
				ENABLE_STRICT_OBJC_MSGSEND = YES;
				ENABLE_TESTABILITY = YES;
				ENABLE_USER_SCRIPT_SANDBOXING = YES;
				GCC_C_LANGUAGE_STANDARD = gnu17;
				GCC_DYNAMIC_NO_PIC = NO;
				GCC_NO_COMMON_BLOCKS = YES;
				GCC_OPTIMIZATION_LEVEL = 0;
				GCC_PREPROCESSOR_DEFINITIONS = (
					"DEBUG=1",
					"$(inherited)",
				);
				GCC_WARN_64_TO_32_BIT_CONVERSION = YES;
				GCC_WARN_ABOUT_RETURN_TYPE = YES_ERROR;
				GCC_WARN_UNDECLARED_SELECTOR = YES;
				GCC_WARN_UNINITIALIZED_AUTOS = YES_AGGRESSIVE;
				GCC_WARN_UNUSED_FUNCTION = YES;
				GCC_WARN_UNUSED_VARIABLE = YES;
				IPHONEOS_DEPLOYMENT_TARGET = 26.2;
				LOCALIZATION_PREFERS_STRING_CATALOGS = YES;
				MTL_ENABLE_DEBUG_INFO = INCLUDE_SOURCE;
				MTL_FAST_MATH = YES;
				ONLY_ACTIVE_ARCH = YES;
				SDKROOT = iphoneos;
				SWIFT_ACTIVE_COMPILATION_CONDITIONS = "DEBUG $(inherited)";
				SWIFT_OPTIMIZATION_LEVEL = "-Onone";
			};
			name = Debug;
		};
		66F9A8352F71C3F400D3E93B /* Release */ = {
			isa = XCBuildConfiguration;
			buildSettings = {
				ALWAYS_SEARCH_USER_PATHS = NO;
				ASSETCATALOG_COMPILER_GENERATE_SWIFT_ASSET_SYMBOL_EXTENSIONS = YES;
				CLANG_ANALYZER_NONNULL = YES;
				CLANG_ANALYZER_NUMBER_OBJECT_CONVERSION = YES_AGGRESSIVE;
				CLANG_CXX_LANGUAGE_STANDARD = "gnu++20";
				CLANG_ENABLE_MODULES = YES;
				CLANG_ENABLE_OBJC_ARC = YES;
				CLANG_ENABLE_OBJC_WEAK = YES;
				CLANG_WARN_BLOCK_CAPTURE_AUTORELEASING = YES;
				CLANG_WARN_BOOL_CONVERSION = YES;
				CLANG_WARN_COMMA = YES;
				CLANG_WARN_CONSTANT_CONVERSION = YES;
				CLANG_WARN_DEPRECATED_OBJC_IMPLEMENTATIONS = YES;
				CLANG_WARN_DIRECT_OBJC_ISA_USAGE = YES_ERROR;
				CLANG_WARN_DOCUMENTATION_COMMENTS = YES;
				CLANG_WARN_EMPTY_BODY = YES;
				CLANG_WARN_ENUM_CONVERSION = YES;
				CLANG_WARN_INFINITE_RECURSION = YES;
				CLANG_WARN_INT_CONVERSION = YES;
				CLANG_WARN_NON_LITERAL_NULL_CONVERSION = YES;
				CLANG_WARN_OBJC_IMPLICIT_RETAIN_SELF = YES;
				CLANG_WARN_OBJC_LITERAL_CONVERSION = YES;
				CLANG_WARN_OBJC_ROOT_CLASS = YES_ERROR;
				CLANG_WARN_QUOTED_INCLUDE_IN_FRAMEWORK_HEADER = YES;
				CLANG_WARN_RANGE_LOOP_ANALYSIS = YES;
				CLANG_WARN_STRICT_PROTOTYPES = YES;
				CLANG_WARN_SUSPICIOUS_MOVE = YES;
				CLANG_WARN_UNGUARDED_AVAILABILITY = YES_AGGRESSIVE;
				CLANG_WARN_UNREACHABLE_CODE = YES;
				CLANG_WARN__DUPLICATE_METHOD_MATCH = YES;
				COPY_PHASE_STRIP = NO;
				DEBUG_INFORMATION_FORMAT = "dwarf-with-dsym";
				DEVELOPMENT_TEAM = MMMLD7Y8R9;
				ENABLE_NS_ASSERTIONS = NO;
				ENABLE_STRICT_OBJC_MSGSEND = YES;
				ENABLE_USER_SCRIPT_SANDBOXING = YES;
				GCC_C_LANGUAGE_STANDARD = gnu17;
				GCC_NO_COMMON_BLOCKS = YES;
				GCC_WARN_64_TO_32_BIT_CONVERSION = YES;
				GCC_WARN_ABOUT_RETURN_TYPE = YES_ERROR;
				GCC_WARN_UNDECLARED_SELECTOR = YES;
				GCC_WARN_UNINITIALIZED_AUTOS = YES_AGGRESSIVE;
				GCC_WARN_UNUSED_FUNCTION = YES;
				GCC_WARN_UNUSED_VARIABLE = YES;
				IPHONEOS_DEPLOYMENT_TARGET = 26.2;
				LOCALIZATION_PREFERS_STRING_CATALOGS = YES;
				MTL_ENABLE_DEBUG_INFO = NO;
				MTL_FAST_MATH = YES;
				SDKROOT = iphoneos;
				SWIFT_COMPILATION_MODE = wholemodule;
				VALIDATE_PRODUCT = YES;
			};
			name = Release;
		};
		66F9A87E2F71CACD00D3E93B /* Debug */ = {
			isa = XCBuildConfiguration;
			buildSettings = {
				BUNDLE_LOADER = "$(TEST_HOST)";
				CODE_SIGN_STYLE = Automatic;
				CURRENT_PROJECT_VERSION = 1;
				DEVELOPMENT_TEAM = MMMLD7Y8R9;
				GENERATE_INFOPLIST_FILE = YES;
				MARKETING_VERSION = 1.0;
				PRODUCT_BUNDLE_IDENTIFIER = practicum.Sprint7Tests;
				PRODUCT_NAME = "$(TARGET_NAME)";
				STRING_CATALOG_GENERATE_SYMBOLS = NO;
				SWIFT_APPROACHABLE_CONCURRENCY = YES;
				SWIFT_EMIT_LOC_STRINGS = NO;
				SWIFT_UPCOMING_FEATURE_MEMBER_IMPORT_VISIBILITY = YES;
				SWIFT_VERSION = 5.0;
				TARGETED_DEVICE_FAMILY = "1,2";
				TEST_HOST = "$(BUILT_PRODUCTS_DIR)/Sprint7.app/$(BUNDLE_EXECUTABLE_FOLDER_PATH)/Sprint7";
			};
			name = Debug;
		};
		66F9A87F2F71CACD00D3E93B /* Release */ = {
			isa = XCBuildConfiguration;
			buildSettings = {
				BUNDLE_LOADER = "$(TEST_HOST)";
				CODE_SIGN_STYLE = Automatic;
				CURRENT_PROJECT_VERSION = 1;
				DEVELOPMENT_TEAM = MMMLD7Y8R9;
				GENERATE_INFOPLIST_FILE = YES;
				MARKETING_VERSION = 1.0;
				PRODUCT_BUNDLE_IDENTIFIER = practicum.Sprint7Tests;
				PRODUCT_NAME = "$(TARGET_NAME)";
				STRING_CATALOG_GENERATE_SYMBOLS = NO;
				SWIFT_APPROACHABLE_CONCURRENCY = YES;
				SWIFT_EMIT_LOC_STRINGS = NO;
				SWIFT_UPCOMING_FEATURE_MEMBER_IMPORT_VISIBILITY = YES;
				SWIFT_VERSION = 5.0;
				TARGETED_DEVICE_FAMILY = "1,2";
				TEST_HOST = "$(BUILT_PRODUCTS_DIR)/Sprint7.app/$(BUNDLE_EXECUTABLE_FOLDER_PATH)/Sprint7";
			};
			name = Release;
		};
		66F9A89B2F72A87500D3E93B /* Debug */ = {
			isa = XCBuildConfiguration;
			buildSettings = {
				CODE_SIGN_STYLE = Automatic;
				CURRENT_PROJECT_VERSION = 1;
				DEVELOPMENT_TEAM = MMMLD7Y8R9;
				GENERATE_INFOPLIST_FILE = YES;
				MARKETING_VERSION = 1.0;
				PRODUCT_BUNDLE_IDENTIFIER = practicum.Sprint7UITests;
				PRODUCT_NAME = "$(TARGET_NAME)";
				STRING_CATALOG_GENERATE_SYMBOLS = NO;
				SWIFT_APPROACHABLE_CONCURRENCY = YES;
				SWIFT_EMIT_LOC_STRINGS = NO;
				SWIFT_UPCOMING_FEATURE_MEMBER_IMPORT_VISIBILITY = YES;
				SWIFT_VERSION = 5.0;
				TARGETED_DEVICE_FAMILY = "1,2";
				TEST_TARGET_NAME = Sprint7;
			};
			name = Debug;
		};
		66F9A89C2F72A87500D3E93B /* Release */ = {
			isa = XCBuildConfiguration;
			buildSettings = {
				CODE_SIGN_STYLE = Automatic;
				CURRENT_PROJECT_VERSION = 1;
				DEVELOPMENT_TEAM = MMMLD7Y8R9;
				GENERATE_INFOPLIST_FILE = YES;
				MARKETING_VERSION = 1.0;
				PRODUCT_BUNDLE_IDENTIFIER = practicum.Sprint7UITests;
				PRODUCT_NAME = "$(TARGET_NAME)";
				STRING_CATALOG_GENERATE_SYMBOLS = NO;
				SWIFT_APPROACHABLE_CONCURRENCY = YES;
				SWIFT_EMIT_LOC_STRINGS = NO;
				SWIFT_UPCOMING_FEATURE_MEMBER_IMPORT_VISIBILITY = YES;
				SWIFT_VERSION = 5.0;
				TARGETED_DEVICE_FAMILY = "1,2";
				TEST_TARGET_NAME = Sprint7;
			};
			name = Release;
		};
/* End XCBuildConfiguration section */

/* Begin XCConfigurationList section */
		66F9A8192F71C3F200D3E93B /* Build configuration list for PBXProject "Sprint7" */ = {
			isa = XCConfigurationList;
			buildConfigurations = (
				66F9A8342F71C3F400D3E93B /* Debug */,
				66F9A8352F71C3F400D3E93B /* Release */,
			);
			defaultConfigurationIsVisible = 0;
			defaultConfigurationName = Release;
		};
		66F9A8312F71C3F400D3E93B /* Build configuration list for PBXNativeTarget "Sprint7" */ = {
			isa = XCConfigurationList;
			buildConfigurations = (
				66F9A8322F71C3F400D3E93B /* Debug */,
				66F9A8332F71C3F400D3E93B /* Release */,
			);
			defaultConfigurationIsVisible = 0;
			defaultConfigurationName = Release;
		};
		66F9A87D2F71CACD00D3E93B /* Build configuration list for PBXNativeTarget "Sprint7Tests" */ = {
			isa = XCConfigurationList;
			buildConfigurations = (
				66F9A87E2F71CACD00D3E93B /* Debug */,
				66F9A87F2F71CACD00D3E93B /* Release */,
			);
			defaultConfigurationIsVisible = 0;
			defaultConfigurationName = Release;
		};
		66F9A89A2F72A87500D3E93B /* Build configuration list for PBXNativeTarget "Sprint7UITests" */ = {
			isa = XCConfigurationList;
			buildConfigurations = (
				66F9A89B2F72A87500D3E93B /* Debug */,
				66F9A89C2F72A87500D3E93B /* Release */,
			);
			defaultConfigurationIsVisible = 0;
			defaultConfigurationName = Release;
		};
/* End XCConfigurationList section */
	};
	rootObject = 66F9A8162F71C3F200D3E93B /* Project object */;
}
